
Microsoft Visual Studio Solution File, Format Version 12.00
Project("{FAE04EC0-301F-11D3-BF4B-00C04F79EFBC}") = "Pisstaube", "Pisstaube\Pisstaube.csproj", "{848FC267-B737-46B5-8432-D630A465EBB7}"
EndProject
Project("{FAE04EC0-301F-11D3-BF4B-00C04F79EFBC}") = "Pisstaube.Database", "Pisstaube.Database\Pisstaube.Database.csproj", "{1BFBC96B-201B-4317-9F44-C0F9093A7C5A}"
EndProject
Project("{FAE04EC0-301F-11D3-BF4B-00C04F79EFBC}") = "osu.Game", "osu\osu.Game\osu.Game.csproj", "{37BC1942-D450-4F34-B1FD-A0F39C71E023}"
EndProject
Project("{2150E333-8FDC-42A3-9474-1A3956D46DE8}") = "osu", "osu", "{8FD89841-B0A4-42AC-AD4E-49B1C6298CBB}"
EndProject
Project("{FAE04EC0-301F-11D3-BF4B-00C04F79EFBC}") = "Pisstaube.CacheDb", "Pisstaube.CacheDb\Pisstaube.CacheDb.csproj", "{AD1B59C8-F220-4CB0-BACD-321790271800}"
EndProject
Project("{2150E333-8FDC-42A3-9474-1A3956D46DE8}") = "Tests", "Tests", "{8A1DA495-E0D8-4BD8-A2B5-49FC7958DCB2}"
EndProject
Project("{FAE04EC0-301F-11D3-BF4B-00C04F79EFBC}") = "Pisstaube.Tests", "Pisstaube.Tests\Pisstaube.Tests.csproj", "{C7B55616-7A00-4371-AF87-D354BBA4B936}"
EndProject
Project("{FAE04EC0-301F-11D3-BF4B-00C04F79EFBC}") = "osu.Game.Rulesets.Catch", "osu\osu.Game.Rulesets.Catch\osu.Game.Rulesets.Catch.csproj", "{A82C5CF5-5E50-43F3-AB2D-444AEEA4588D}"
EndProject
Project("{FAE04EC0-301F-11D3-BF4B-00C04F79EFBC}") = "osu.Game.Rulesets.Mania", "osu\osu.Game.Rulesets.Mania\osu.Game.Rulesets.Mania.csproj", "{B257D5D0-30DD-42C3-93CF-3A4AB8D58F5C}"
EndProject
Project("{FAE04EC0-301F-11D3-BF4B-00C04F79EFBC}") = "osu.Game.Rulesets.Osu", "osu\osu.Game.Rulesets.Osu\osu.Game.Rulesets.Osu.csproj", "{71B4168C-5C47-4D10-94A4-97056ED86366}"
EndProject
Project("{FAE04EC0-301F-11D3-BF4B-00C04F79EFBC}") = "osu.Game.Rulesets.Taiko", "osu\osu.Game.Rulesets.Taiko\osu.Game.Rulesets.Taiko.csproj", "{0C9BC165-B55C-4EF1-9B54-611BD93BBD31}"
EndProject
Project("{2150E333-8FDC-42A3-9474-1A3956D46DE8}") = "Sora", "Sora", "{E0E09D94-78DA-4019-BD7D-6C8AD9FCF571}"
EndProject
Project("{FAE04EC0-301F-11D3-BF4B-00C04F79EFBC}") = "Shared", "Sora\Shared\Shared.csproj", "{4D775083-C886-45E7-AC0B-00B839DD561F}"
EndProject
Global
	GlobalSection(SolutionConfigurationPlatforms) = preSolution
		Debug|Any CPU = Debug|Any CPU
		Release|Any CPU = Release|Any CPU
	EndGlobalSection
	GlobalSection(ProjectConfigurationPlatforms) = postSolution
		{848FC267-B737-46B5-8432-D630A465EBB7}.Debug|Any CPU.ActiveCfg = Debug|Any CPU
		{848FC267-B737-46B5-8432-D630A465EBB7}.Debug|Any CPU.Build.0 = Debug|Any CPU
		{848FC267-B737-46B5-8432-D630A465EBB7}.Release|Any CPU.ActiveCfg = Release|Any CPU
		{848FC267-B737-46B5-8432-D630A465EBB7}.Release|Any CPU.Build.0 = Release|Any CPU
		{1BFBC96B-201B-4317-9F44-C0F9093A7C5A}.Debug|Any CPU.ActiveCfg = Debug|Any CPU
		{1BFBC96B-201B-4317-9F44-C0F9093A7C5A}.Debug|Any CPU.Build.0 = Debug|Any CPU
		{1BFBC96B-201B-4317-9F44-C0F9093A7C5A}.Release|Any CPU.ActiveCfg = Release|Any CPU
		{1BFBC96B-201B-4317-9F44-C0F9093A7C5A}.Release|Any CPU.Build.0 = Release|Any CPU
		{37BC1942-D450-4F34-B1FD-A0F39C71E023}.Debug|Any CPU.ActiveCfg = Debug|Any CPU
		{37BC1942-D450-4F34-B1FD-A0F39C71E023}.Debug|Any CPU.Build.0 = Debug|Any CPU
		{37BC1942-D450-4F34-B1FD-A0F39C71E023}.Release|Any CPU.ActiveCfg = Release|Any CPU
		{37BC1942-D450-4F34-B1FD-A0F39C71E023}.Release|Any CPU.Build.0 = Release|Any CPU
		{AD1B59C8-F220-4CB0-BACD-321790271800}.Debug|Any CPU.ActiveCfg = Debug|Any CPU
		{AD1B59C8-F220-4CB0-BACD-321790271800}.Debug|Any CPU.Build.0 = Debug|Any CPU
		{AD1B59C8-F220-4CB0-BACD-321790271800}.Release|Any CPU.ActiveCfg = Release|Any CPU
		{AD1B59C8-F220-4CB0-BACD-321790271800}.Release|Any CPU.Build.0 = Release|Any CPU
		{C7B55616-7A00-4371-AF87-D354BBA4B936}.Debug|Any CPU.ActiveCfg = Debug|Any CPU
		{C7B55616-7A00-4371-AF87-D354BBA4B936}.Debug|Any CPU.Build.0 = Debug|Any CPU
		{C7B55616-7A00-4371-AF87-D354BBA4B936}.Release|Any CPU.ActiveCfg = Release|Any CPU
		{C7B55616-7A00-4371-AF87-D354BBA4B936}.Release|Any CPU.Build.0 = Release|Any CPU
		{A82C5CF5-5E50-43F3-AB2D-444AEEA4588D}.Debug|Any CPU.ActiveCfg = Debug|Any CPU
		{A82C5CF5-5E50-43F3-AB2D-444AEEA4588D}.Debug|Any CPU.Build.0 = Debug|Any CPU
		{A82C5CF5-5E50-43F3-AB2D-444AEEA4588D}.Release|Any CPU.ActiveCfg = Release|Any CPU
		{A82C5CF5-5E50-43F3-AB2D-444AEEA4588D}.Release|Any CPU.Build.0 = Release|Any CPU
		{B257D5D0-30DD-42C3-93CF-3A4AB8D58F5C}.Debug|Any CPU.ActiveCfg = Debug|Any CPU
		{B257D5D0-30DD-42C3-93CF-3A4AB8D58F5C}.Debug|Any CPU.Build.0 = Debug|Any CPU
		{B257D5D0-30DD-42C3-93CF-3A4AB8D58F5C}.Release|Any CPU.ActiveCfg = Release|Any CPU
		{B257D5D0-30DD-42C3-93CF-3A4AB8D58F5C}.Release|Any CPU.Build.0 = Release|Any CPU
		{71B4168C-5C47-4D10-94A4-97056ED86366}.Debug|Any CPU.ActiveCfg = Debug|Any CPU
		{71B4168C-5C47-4D10-94A4-97056ED86366}.Debug|Any CPU.Build.0 = Debug|Any CPU
		{71B4168C-5C47-4D10-94A4-97056ED86366}.Release|Any CPU.ActiveCfg = Release|Any CPU
		{71B4168C-5C47-4D10-94A4-97056ED86366}.Release|Any CPU.Build.0 = Release|Any CPU
		{0C9BC165-B55C-4EF1-9B54-611BD93BBD31}.Debug|Any CPU.ActiveCfg = Debug|Any CPU
		{0C9BC165-B55C-4EF1-9B54-611BD93BBD31}.Debug|Any CPU.Build.0 = Debug|Any CPU
		{0C9BC165-B55C-4EF1-9B54-611BD93BBD31}.Release|Any CPU.ActiveCfg = Release|Any CPU
		{0C9BC165-B55C-4EF1-9B54-611BD93BBD31}.Release|Any CPU.Build.0 = Release|Any CPU
		{4D775083-C886-45E7-AC0B-00B839DD561F}.Debug|Any CPU.ActiveCfg = Debug|Any CPU
		{4D775083-C886-45E7-AC0B-00B839DD561F}.Debug|Any CPU.Build.0 = Debug|Any CPU
		{4D775083-C886-45E7-AC0B-00B839DD561F}.Release|Any CPU.ActiveCfg = Release|Any CPU
		{4D775083-C886-45E7-AC0B-00B839DD561F}.Release|Any CPU.Build.0 = Release|Any CPU
	EndGlobalSection
	GlobalSection(NestedProjects) = preSolution
		{37BC1942-D450-4F34-B1FD-A0F39C71E023} = {8FD89841-B0A4-42AC-AD4E-49B1C6298CBB}
		{C7B55616-7A00-4371-AF87-D354BBA4B936} = {8A1DA495-E0D8-4BD8-A2B5-49FC7958DCB2}
		{A82C5CF5-5E50-43F3-AB2D-444AEEA4588D} = {8FD89841-B0A4-42AC-AD4E-49B1C6298CBB}
		{B257D5D0-30DD-42C3-93CF-3A4AB8D58F5C} = {8FD89841-B0A4-42AC-AD4E-49B1C6298CBB}
		{71B4168C-5C47-4D10-94A4-97056ED86366} = {8FD89841-B0A4-42AC-AD4E-49B1C6298CBB}
		{0C9BC165-B55C-4EF1-9B54-611BD93BBD31} = {8FD89841-B0A4-42AC-AD4E-49B1C6298CBB}
		{4D775083-C886-45E7-AC0B-00B839DD561F} = {E0E09D94-78DA-4019-BD7D-6C8AD9FCF571}
	EndGlobalSection
EndGlobal
